// !$*UTF8*$!
{
	archiveVersion = 1;
	classes = {
	};
	objectVersion = 77;
	objects = {

/* Begin PBXBuildFile section */
		02A38704DF01736E5729BFDE /* SidebarView.swift in Sources */ = {isa = PBXBuildFile; fileRef = 94CFA19451B9EA172C354BD5 /* SidebarView.swift */; };
		0496435CCB1067C0FB83DBAD /* MacLocalTerminalView.swift in Sources */ = {isa = PBXBuildFile; fileRef = A3E895139DCBAB7FE26224C1 /* MacLocalTerminalView.swift */; };
		0553C9685D8D039A4B462B33 /* ConversationEntry.swift in Sources */ = {isa = PBXBuildFile; fileRef = 0F9ED82445E82133B95C56BC /* ConversationEntry.swift */; };
		0919F8761EFFAF2205AA37F1 /* Pty.swift in Sources */ = {isa = PBXBuildFile; fileRef = D8DD995041662191E84AE703 /* Pty.swift */; };
		092E292C308E7CA13BF883B8 /* AgentHistoryParser.swift in Sources */ = {isa = PBXBuildFile; fileRef = D216B2AAE556484063786FB3 /* AgentHistoryParser.swift */; };
		0BD0585B9056011A0F913B58 /* Line.swift in Sources */ = {isa = PBXBuildFile; fileRef = 38BBD15713C7AF7C3397F6AB /* Line.swift */; };
		0F995EF1A1D459694B7D12E8 /* KittyPlaceholder.swift in Sources */ = {isa = PBXBuildFile; fileRef = 91254889BB04DE03CF185796 /* KittyPlaceholder.swift */; };
		1104790A372F88CBF4760F2A /* GlyphAtlas.swift in Sources */ = {isa = PBXBuildFile; fileRef = BB958AB3A5865E58731157E6 /* GlyphAtlas.swift */; };
		1242B72A9D6434D9EBF1678A /* SelectionService.swift in Sources */ = {isa = PBXBuildFile; fileRef = EA00ABA04E8E855F3877CDE6 /* SelectionService.swift */; };
		12E006C13D4217174C1FCDC3 /* HistoryFormat.swift in Sources */ = {isa = PBXBuildFile; fileRef = 107CC580F4509E561A814942 /* HistoryFormat.swift */; };
		13F5DDCBCF48122478D70101 /* ExtensionsTerminal.swift in Sources */ = {isa = PBXBuildFile; fileRef = 7E59419510ECDDFC256F39E3 /* ExtensionsTerminal.swift */; };
		1B88F181A80AE0CD64B4B2F5 /* EscapeSequences.swift in Sources */ = {isa = PBXBuildFile; fileRef = DF2EEA5A45AD55F6A595DE5C /* EscapeSequences.swift */; };
		1D51275F0C7D008B5F56BA61 /* Terminal.swift in Sources */ = {isa = PBXBuildFile; fileRef = AE14E53D316CC7945B59F773 /* Terminal.swift */; };
		1E81992B92D7F2D942C79CFE /* SearchLineCache.swift in Sources */ = {isa = PBXBuildFile; fileRef = 5DC9F39E0F219D2E54861C0E /* SearchLineCache.swift */; };
		217043D3BFD53781E0ACA05E /* Store.swift in Sources */ = {isa = PBXBuildFile; fileRef = 81734309E07A6D664712D352 /* Store.swift */; };
		222F99A4AEB92A2F1ECA8AFB /* ContentView.swift in Sources */ = {isa = PBXBuildFile; fileRef = 20E533325964321D216B0391 /* ContentView.swift */; };
		2558FA3B9166DB666093CC3A /* MacFindBarView.swift in Sources */ = {isa = PBXBuildFile; fileRef = 6AE45AE6A5ADD7210D463D83 /* MacFindBarView.swift */; };
		2667BFCD1DB11CA6246AEF21 /* CircularList.swift in Sources */ = {isa = PBXBuildFile; fileRef = 673D1F7656B5EEC7597FC6B1 /* CircularList.swift */; };
		29090D80D1A7F6E437275EB1 /* iOSTextInput.swift in Sources */ = {isa = PBXBuildFile; fileRef = 9E640956DCB464470BAA22DD /* iOSTextInput.swift */; };
		31BCA306BCE297DCAD32CF23 /* SwiftTerm.framework in Embed Frameworks */ = {isa = PBXBuildFile; fileRef = F5F533EEE12DF56A64B81530 /* SwiftTerm.framework */; settings = {ATTRIBUTES = (CodeSignOnCopy, RemoveHeadersOnCopy, ); }; };
		3671F36CCED3B895D4C17DF7 /* BufferSet.swift in Sources */ = {isa = PBXBuildFile; fileRef = FD98F52D2BECBCEA19DCAF64 /* BufferSet.swift */; };
		36B95DAC29850C4E8E7C6546 /* KittyGraphics.swift in Sources */ = {isa = PBXBuildFile; fileRef = E519E0603D420C631BF229A2 /* KittyGraphics.swift */; };
		38DA6EE68308A87C2857EF63 /* AgentEditorSheet.swift in Sources */ = {isa = PBXBuildFile; fileRef = D2FB3E6FD7BB036DF9148677 /* AgentEditorSheet.swift */; };
		3E4D3826C2A009B3FB71DB8B /* LocalProcess.swift in Sources */ = {isa = PBXBuildFile; fileRef = E53A9BC0DB70AB25CA7973D0 /* LocalProcess.swift */; };
		3FD79C7F976F316E0A1487D8 /* MacAccessibilityService.swift in Sources */ = {isa = PBXBuildFile; fileRef = 56122D5E2FF4C1910AC4488D /* MacAccessibilityService.swift */; };
		43D3F163F0550C6ADF597478 /* MetalBufferingMode.swift in Sources */ = {isa = PBXBuildFile; fileRef = A4689D1F1FA4FD8D425C4EFB /* MetalBufferingMode.swift */; };
		49A145759C2BEA969E705A32 /* iOSCaretView.swift in Sources */ = {isa = PBXBuildFile; fileRef = F0AD3F154CA221DED2E0E200 /* iOSCaretView.swift */; };
		5083EB1D703A7BD3651CF57D /* AppState.swift in Sources */ = {isa = PBXBuildFile; fileRef = 94C3929709F342E469839CB2 /* AppState.swift */; };
		592747E2BF1DBF4D3DA3D063 /* SearchState.swift in Sources */ = {isa = PBXBuildFile; fileRef = D5FDB1A1D7B063AF8D7A19DB /* SearchState.swift */; };
		5D837667EC75AD51960EB2FA /* TranscriptCapturingTerminalView.swift in Sources */ = {isa = PBXBuildFile; fileRef = 7D2D73E7AF217B665E6A0814 /* TranscriptCapturingTerminalView.swift */; };
		62D3147712BC2D48DD860B72 /* CharData.swift in Sources */ = {isa = PBXBuildFile; fileRef = 76312947E900D52251258D9B /* CharData.swift */; };
		69812CA2F61276EFC64F6279 /* TranscriptReadOnlyView.swift in Sources */ = {isa = PBXBuildFile; fileRef = A48ED19FC6F7ED9C4B3534B2 /* TranscriptReadOnlyView.swift */; };
		6AF3CB093960BF048D2919C1 /* SearchService.swift in Sources */ = {isa = PBXBuildFile; fileRef = 4B3003D0999E8291F3EB60FD /* SearchService.swift */; };
		6FF19952D6A40E917F18F5E7 /* CharSets.swift in Sources */ = {isa = PBXBuildFile; fileRef = A8CBE5F29AC4767FCAEA3ABC /* CharSets.swift */; };
		71CA4CA8A18ABBD41E5D5425 /* Colors.swift in Sources */ = {isa = PBXBuildFile; fileRef = 020412EAB10F3FCEE44DC7C0 /* Colors.swift */; };
		784F08E67385DA8F8425B55C /* SwiftTerm.framework in Frameworks */ = {isa = PBXBuildFile; fileRef = F5F533EEE12DF56A64B81530 /* SwiftTerm.framework */; };
		79F13665DDC56EC4873C3803 /* Buffer.swift in Sources */ = {isa = PBXBuildFile; fileRef = 4E70DB900027FDF1D6809F35 /* Buffer.swift */; };
		7CF0513409AFCEDCEB6E60E4 /* BoxDrawingRenderer.swift in Sources */ = {isa = PBXBuildFile; fileRef = 4540230E9B9936F80BE70F7B /* BoxDrawingRenderer.swift */; };
		7D0971F73398929282277FDB /* SwiftUITerminalView.swift in Sources */ = {isa = PBXBuildFile; fileRef = 93AAE0594007A37977322F94 /* SwiftUITerminalView.swift */; };
		8053C726E55F50B327ED5B61 /* MacExtensions.swift in Sources */ = {isa = PBXBuildFile; fileRef = 946FC0FB4800139798E1168C /* MacExtensions.swift */; };
		80FB41E5C9488E63157E8F8F /* iOSTerminalView.swift in Sources */ = {isa = PBXBuildFile; fileRef = A0D909B990EA1EE433911CC3 /* iOSTerminalView.swift */; };
		8235F149D6C89700ACCF4B4B /* AgentColor.swift in Sources */ = {isa = PBXBuildFile; fileRef = D294AF36BCD668AD435AD97F /* AgentColor.swift */; };
		84257599D23CD81B48E8AE3E /* File.swift in Sources */ = {isa = PBXBuildFile; fileRef = F3FA404EFE86AFC8EF086C4C /* File.swift */; };
		8708DCC1E54C7FB703765A8A /* SearchEngine.swift in Sources */ = {isa = PBXBuildFile; fileRef = 373D9BD8694F433533EDB8B0 /* SearchEngine.swift */; };
		8D7A19A070E5A76223BCD64C /* iOSExtensions.swift in Sources */ = {isa = PBXBuildFile; fileRef = 0791EA93DED71E17A0EE7057 /* iOSExtensions.swift */; };
		8F32B45B54FC1B4FE69232D6 /* TerminalViewSearch.swift in Sources */ = {isa = PBXBuildFile; fileRef = 7EED75338F72D8123A872B66 /* TerminalViewSearch.swift */; };
		94689DEF7161459A3E1D4B5B /* SessionProcessDelegate.swift in Sources */ = {isa = PBXBuildFile; fileRef = 7B3FE391D051BF8B0B5791FC /* SessionProcessDelegate.swift */; };
		95F9120AC99E8FF8DED4669B /* iOSDoubleButton.swift in Sources */ = {isa = PBXBuildFile; fileRef = A11FE0D72EBB78A1747AA8FF /* iOSDoubleButton.swift */; };
		99E0A60BF6AC109F272EEC35 /* UnicodeWidthData.swift in Sources */ = {isa = PBXBuildFile; fileRef = 72C74D2FCCE64A9780258B33 /* UnicodeWidthData.swift */; };
		9E128D1B11C9209C82852AAF /* ProviderModelFetcher.swift in Sources */ = {isa = PBXBuildFile; fileRef = 938D094FF54C8B5A431AEC28 /* ProviderModelFetcher.swift */; };
		A619C8254B0C0A61B921D22F /* EscapeSequenceParser.swift in Sources */ = {isa = PBXBuildFile; fileRef = AFB17F89F46A5BE1D5E29CC6 /* EscapeSequenceParser.swift */; };
		A6F4218F1B967040875BF389 /* Position.swift in Sources */ = {isa = PBXBuildFile; fileRef = 85E57B6E7887C1212D8BAD74 /* Position.swift */; };
		A7A4840DF282F38C60B002B2 /* TerminalAgentsApp.swift in Sources */ = {isa = PBXBuildFile; fileRef = 409F42350FFA6EB19BF84ADD /* TerminalAgentsApp.swift */; };
		A94C74C74B2273FDE6BA830F /* MacCaretView.swift in Sources */ = {isa = PBXBuildFile; fileRef = 0EFDB4829458C60677BCF190 /* MacCaretView.swift */; };
		A9642A199B4EEB03F3D51745 /* TerminalProgressBarView.swift in Sources */ = {isa = PBXBuildFile; fileRef = 995245E00DCB7490445A1C0A /* TerminalProgressBarView.swift */; };
		A9A67C1A897A9E4FBB834B25 /* MacTerminalView.swift in Sources */ = {isa = PBXBuildFile; fileRef = DCB4EB2C65F48C58F260BED2 /* MacTerminalView.swift */; };
		AA682C84ADE882DBE75F8635 /* ConversationHistoryView.swift in Sources */ = {isa = PBXBuildFile; fileRef = D75EFB962C98A0DE10E1398A /* ConversationHistoryView.swift */; };
		AD20A3EA9BB894980951657B /* KittyKeyboardProtocol.swift in Sources */ = {isa = PBXBuildFile; fileRef = C7D127695119F77CF8109493 /* KittyKeyboardProtocol.swift */; };
		AF1249A8CCBA8BD369F9B7AC /* ProviderProfile.swift in Sources */ = {isa = PBXBuildFile; fileRef = 81105E36E13119FE3B32B4C9 /* ProviderProfile.swift */; };
		AF5A08206DBB4029175FFB54 /* MacDebugView.swift in Sources */ = {isa = PBXBuildFile; fileRef = FB009EA4542A98BD16A582FB /* MacDebugView.swift */; };
		B0CD2056E32D8D77885D48B1 /* AppLanguage.swift in Sources */ = {isa = PBXBuildFile; fileRef = EDF74B7AFA7032F2AEE58194 /* AppLanguage.swift */; };
		B138EB4CB2596D4A929BFE63 /* Session.swift in Sources */ = {isa = PBXBuildFile; fileRef = BC15E05465E8905DC9A59D69 /* Session.swift */; };
		B42C640245B72AC83236EB72 /* SixelDcsHandler.swift in Sources */ = {isa = PBXBuildFile; fileRef = 68315352D0C277C71ED2596E /* SixelDcsHandler.swift */; };
		BA64CF5BABFBD6571F49396E /* SearchOptions.swift in Sources */ = {isa = PBXBuildFile; fileRef = A4E31AFD8545655B5209EE85 /* SearchOptions.swift */; };
		BA7A4B5F97019B2F49C61556 /* Extensions.swift in Sources */ = {isa = PBXBuildFile; fileRef = 25426E7CCD9E359BFEF0BC18 /* Extensions.swift */; };
		BC61AC063AC5BCC0E30D301B /* iOSAccessoryView.swift in Sources */ = {isa = PBXBuildFile; fileRef = D8750130A3BDFBE8533E2FC7 /* iOSAccessoryView.swift */; };
		BE35C1958C747992465D01D6 /* TerminalViewRepresentable.swift in Sources */ = {isa = PBXBuildFile; fileRef = BCFEA2D19DE89770EA53B230 /* TerminalViewRepresentable.swift */; };
		BEB8780776BF24C07A7B5CDC /* KittyKeyboardEncoder.swift in Sources */ = {isa = PBXBuildFile; fileRef = 38FDF34C2F6680E22E4A6BB7 /* KittyKeyboardEncoder.swift */; };
		C37A8223614ECAD299F6429D /* SessionWindowView.swift in Sources */ = {isa = PBXBuildFile; fileRef = E21F32EC359A374D4F5A18FB /* SessionWindowView.swift */; };
		C941B68F9BE1D0CF88C1AABC /* AppleTerminalView.swift in Sources */ = {isa = PBXBuildFile; fileRef = 0C91F31C95CE49C0D62CD983 /* AppleTerminalView.swift */; };
		CD4FE4B7CAB226146A815B51 /* TerminalOptions.swift in Sources */ = {isa = PBXBuildFile; fileRef = C330D663689A19116C8E6A3B /* TerminalOptions.swift */; };
		CE69A4A4094E519F0AB4BBFF /* MetalTerminalRenderer.swift in Sources */ = {isa = PBXBuildFile; fileRef = 6D591D90A9345338B8B0F591 /* MetalTerminalRenderer.swift */; };
		D0795A571A0C5572569BCA11 /* ProviderManagerSheet.swift in Sources */ = {isa = PBXBuildFile; fileRef = A06C665ED8320DF2DEFC716A /* ProviderManagerSheet.swift */; };
		D3A7F5D2727CF3244B6E6D1C /* AgentConfig.swift in Sources */ = {isa = PBXBuildFile; fileRef = 30A2432E0E9BF665A13DAB56 /* AgentConfig.swift */; };
		D600E739BEB71452F1BB3CA2 /* TerminalViewDelegate.swift in Sources */ = {isa = PBXBuildFile; fileRef = A7427A0ECC6BC4D36F0D9A1A /* TerminalViewDelegate.swift */; };
		D6B10952E56A0DA5E3DD6D24 /* iOSTextStorage.swift in Sources */ = {isa = PBXBuildFile; fileRef = E9DAAD5476C3A705E7E530BC /* iOSTextStorage.swift */; };
		D8B5E3D9C208931C44C863C6 /* TerminalTabBar.swift in Sources */ = {isa = PBXBuildFile; fileRef = 93D6997AF37640DBE5C09522 /* TerminalTabBar.swift */; };
		DD558E296A1248D785CD2E62 /* CaretView.swift in Sources */ = {isa = PBXBuildFile; fileRef = 3614BA4178CF16624327FB5A /* CaretView.swift */; };
		E0380FC5E6C2951102F7ACF1 /* BlockElementRenderer.swift in Sources */ = {isa = PBXBuildFile; fileRef = 3178558037C13D235C9460DA /* BlockElementRenderer.swift */; };
		E3426A9697C7DD7F518A9367 /* ProviderExchangeDocument.swift in Sources */ = {isa = PBXBuildFile; fileRef = E1EB5AB8FC1B4C5FDD56E20C /* ProviderExchangeDocument.swift */; };
		E47A1C1807709EAF656F3451 /* TerminalPaneView.swift in Sources */ = {isa = PBXBuildFile; fileRef = E52D72FC11C14AA8A8EE3D5E /* TerminalPaneView.swift */; };
		E5C86618FEED4299CF7EBD39 /* MetalError.swift in Sources */ = {isa = PBXBuildFile; fileRef = CED5FE98BF4F49BE50254CE5 /* MetalError.swift */; };
		E8F253149F3047C82C807004 /* SessionListView.swift in Sources */ = {isa = PBXBuildFile; fileRef = 8B20FDB889B2C999EBBFF617 /* SessionListView.swift */; };
		EBFDF4284E5CF36E19708C3B /* TerminalTheme.swift in Sources */ = {isa = PBXBuildFile; fileRef = E594E33704C802E183CA87A3 /* TerminalTheme.swift */; };
		EC363C3C3985B5453529EFCF /* TerminalManager.swift in Sources */ = {isa = PBXBuildFile; fileRef = C016A55BC0FC9FBE80C6E511 /* TerminalManager.swift */; };
		EE8E838ACEE7B77BF63368EB /* HeadlessTerminal.swift in Sources */ = {isa = PBXBuildFile; fileRef = FBD8060717DBDDE64F59D55A /* HeadlessTerminal.swift */; };
		F0C0E29C16020B7F0210E719 /* ProviderConfigApplier.swift in Sources */ = {isa = PBXBuildFile; fileRef = 0DDDDEC027328E5BFBB01728 /* ProviderConfigApplier.swift */; };
		F2764056A2370D15A59B96E5 /* BufferLine.swift in Sources */ = {isa = PBXBuildFile; fileRef = 74070BB06E4C5F9A038D44FB /* BufferLine.swift */; };
		F57D4A6B9311758D8FE67042 /* Utilities.swift in Sources */ = {isa = PBXBuildFile; fileRef = 5359D2ACC262D8DF0D567F0A /* Utilities.swift */; };
		F794EF5A2379F75B5FBF7674 /* CoreTextGlyphRasterizer.swift in Sources */ = {isa = PBXBuildFile; fileRef = 97ED3DDD1798A96C6457521E /* CoreTextGlyphRasterizer.swift */; };
		FC64CB60172B7DEE877FB3FF /* iOSKeyboardView.swift in Sources */ = {isa = PBXBuildFile; fileRef = 4D6E0576839C0DEDC4FC31F4 /* iOSKeyboardView.swift */; };
/* End PBXBuildFile section */

/* Begin PBXContainerItemProxy section */
		461C8CD204731D1AE2CFFE03 /* PBXContainerItemProxy */ = {
			isa = PBXContainerItemProxy;
			containerPortal = C92C8BBDAAEFC2C13885CFE1 /* Project object */;
			proxyType = 1;
			remoteGlobalIDString = BEA6929D12F27F133444B058;
			remoteInfo = SwiftTerm;
		};
/* End PBXContainerItemProxy section */

/* Begin PBXCopyFilesBuildPhase section */
		5A5AFCA63007B23E80C4855D /* Embed Frameworks */ = {
			isa = PBXCopyFilesBuildPhase;
			buildActionMask = 2147483647;
			dstPath = "";
			dstSubfolderSpec = 10;
			files = (
				31BCA306BCE297DCAD32CF23 /* SwiftTerm.framework in Embed Frameworks */,
			);
			name = "Embed Frameworks";
			runOnlyForDeploymentPostprocessing = 0;
		};
/* End PBXCopyFilesBuildPhase section */

/* Begin PBXFileReference section */
		020412EAB10F3FCEE44DC7C0 /* Colors.swift */ = {isa = PBXFileReference; lastKnownFileType = sourcecode.swift; path = Colors.swift; sourceTree = "<group>"; };
		0791EA93DED71E17A0EE7057 /* iOSExtensions.swift */ = {isa = PBXFileReference; lastKnownFileType = sourcecode.swift; path = iOSExtensions.swift; sourceTree = "<group>"; };
		0C91F31C95CE49C0D62CD983 /* AppleTerminalView.swift */ = {isa = PBXFileReference; lastKnownFileType = sourcecode.swift; path = AppleTerminalView.swift; sourceTree = "<group>"; };
		0DDDDEC027328E5BFBB01728 /* ProviderConfigApplier.swift */ = {isa = PBXFileReference; lastKnownFileType = sourcecode.swift; path = ProviderConfigApplier.swift; sourceTree = "<group>"; };
		0EFDB4829458C60677BCF190 /* MacCaretView.swift */ = {isa = PBXFileReference; lastKnownFileType = sourcecode.swift; path = MacCaretView.swift; sourceTree = "<group>"; };
		0F9ED82445E82133B95C56BC /* ConversationEntry.swift */ = {isa = PBXFileReference; lastKnownFileType = sourcecode.swift; path = ConversationEntry.swift; sourceTree = "<group>"; };
		0FFCAA3C1FBE131AAEC18418 /* TerminalAgents.app */ = {isa = PBXFileReference; explicitFileType = wrapper.application; includeInIndex = 0; path = TerminalAgents.app; sourceTree = BUILT_PRODUCTS_DIR; };
		107CC580F4509E561A814942 /* HistoryFormat.swift */ = {isa = PBXFileReference; lastKnownFileType = sourcecode.swift; path = HistoryFormat.swift; sourceTree = "<group>"; };
		20E533325964321D216B0391 /* ContentView.swift */ = {isa = PBXFileReference; lastKnownFileType = sourcecode.swift; path = ContentView.swift; sourceTree = "<group>"; };
		25426E7CCD9E359BFEF0BC18 /* Extensions.swift */ = {isa = PBXFileReference; lastKnownFileType = sourcecode.swift; path = Extensions.swift; sourceTree = "<group>"; };
		30A2432E0E9BF665A13DAB56 /* AgentConfig.swift */ = {isa = PBXFileReference; lastKnownFileType = sourcecode.swift; path = AgentConfig.swift; sourceTree = "<group>"; };
		3178558037C13D235C9460DA /* BlockElementRenderer.swift */ = {isa = PBXFileReference; lastKnownFileType = sourcecode.swift; path = BlockElementRenderer.swift; sourceTree = "<group>"; };
		3614BA4178CF16624327FB5A /* CaretView.swift */ = {isa = PBXFileReference; lastKnownFileType = sourcecode.swift; path = CaretView.swift; sourceTree = "<group>"; };
		373D9BD8694F433533EDB8B0 /* SearchEngine.swift */ = {isa = PBXFileReference; lastKnownFileType = sourcecode.swift; path = SearchEngine.swift; sourceTree = "<group>"; };
		38BBD15713C7AF7C3397F6AB /* Line.swift */ = {isa = PBXFileReference; lastKnownFileType = sourcecode.swift; path = Line.swift; sourceTree = "<group>"; };
		38FDF34C2F6680E22E4A6BB7 /* KittyKeyboardEncoder.swift */ = {isa = PBXFileReference; lastKnownFileType = sourcecode.swift; path = KittyKeyboardEncoder.swift; sourceTree = "<group>"; };
		409F42350FFA6EB19BF84ADD /* TerminalAgentsApp.swift */ = {isa = PBXFileReference; lastKnownFileType = sourcecode.swift; path = TerminalAgentsApp.swift; sourceTree = "<group>"; };
		4540230E9B9936F80BE70F7B /* BoxDrawingRenderer.swift */ = {isa = PBXFileReference; lastKnownFileType = sourcecode.swift; path = BoxDrawingRenderer.swift; sourceTree = "<group>"; };
		4B3003D0999E8291F3EB60FD /* SearchService.swift */ = {isa = PBXFileReference; lastKnownFileType = sourcecode.swift; path = SearchService.swift; sourceTree = "<group>"; };
		4D6E0576839C0DEDC4FC31F4 /* iOSKeyboardView.swift */ = {isa = PBXFileReference; lastKnownFileType = sourcecode.swift; path = iOSKeyboardView.swift; sourceTree = "<group>"; };
		4E70DB900027FDF1D6809F35 /* Buffer.swift */ = {isa = PBXFileReference; lastKnownFileType = sourcecode.swift; path = Buffer.swift; sourceTree = "<group>"; };
		5359D2ACC262D8DF0D567F0A /* Utilities.swift */ = {isa = PBXFileReference; lastKnownFileType = sourcecode.swift; path = Utilities.swift; sourceTree = "<group>"; };
		56122D5E2FF4C1910AC4488D /* MacAccessibilityService.swift */ = {isa = PBXFileReference; lastKnownFileType = sourcecode.swift; path = MacAccessibilityService.swift; sourceTree = "<group>"; };
		5DC9F39E0F219D2E54861C0E /* SearchLineCache.swift */ = {isa = PBXFileReference; lastKnownFileType = sourcecode.swift; path = SearchLineCache.swift; sourceTree = "<group>"; };
		673D1F7656B5EEC7597FC6B1 /* CircularList.swift */ = {isa = PBXFileReference; lastKnownFileType = sourcecode.swift; path = CircularList.swift; sourceTree = "<group>"; };
		68315352D0C277C71ED2596E /* SixelDcsHandler.swift */ = {isa = PBXFileReference; lastKnownFileType = sourcecode.swift; path = SixelDcsHandler.swift; sourceTree = "<group>"; };
		6AE45AE6A5ADD7210D463D83 /* MacFindBarView.swift */ = {isa = PBXFileReference; lastKnownFileType = sourcecode.swift; path = MacFindBarView.swift; sourceTree = "<group>"; };
		6D591D90A9345338B8B0F591 /* MetalTerminalRenderer.swift */ = {isa = PBXFileReference; lastKnownFileType = sourcecode.swift; path = MetalTerminalRenderer.swift; sourceTree = "<group>"; };
		72C74D2FCCE64A9780258B33 /* UnicodeWidthData.swift */ = {isa = PBXFileReference; lastKnownFileType = sourcecode.swift; path = UnicodeWidthData.swift; sourceTree = "<group>"; };
		74070BB06E4C5F9A038D44FB /* BufferLine.swift */ = {isa = PBXFileReference; lastKnownFileType = sourcecode.swift; path = BufferLine.swift; sourceTree = "<group>"; };
		76312947E900D52251258D9B /* CharData.swift */ = {isa = PBXFileReference; lastKnownFileType = sourcecode.swift; path = CharData.swift; sourceTree = "<group>"; };
		7B3FE391D051BF8B0B5791FC /* SessionProcessDelegate.swift */ = {isa = PBXFileReference; lastKnownFileType = sourcecode.swift; path = SessionProcessDelegate.swift; sourceTree = "<group>"; };
		7D2D73E7AF217B665E6A0814 /* TranscriptCapturingTerminalView.swift */ = {isa = PBXFileReference; lastKnownFileType = sourcecode.swift; path = TranscriptCapturingTerminalView.swift; sourceTree = "<group>"; };
		7E59419510ECDDFC256F39E3 /* ExtensionsTerminal.swift */ = {isa = PBXFileReference; lastKnownFileType = sourcecode.swift; path = ExtensionsTerminal.swift; sourceTree = "<group>"; };
		7EED75338F72D8123A872B66 /* TerminalViewSearch.swift */ = {isa = PBXFileReference; lastKnownFileType = sourcecode.swift; path = TerminalViewSearch.swift; sourceTree = "<group>"; };
		81105E36E13119FE3B32B4C9 /* ProviderProfile.swift */ = {isa = PBXFileReference; lastKnownFileType = sourcecode.swift; path = ProviderProfile.swift; sourceTree = "<group>"; };
		81734309E07A6D664712D352 /* Store.swift */ = {isa = PBXFileReference; lastKnownFileType = sourcecode.swift; path = Store.swift; sourceTree = "<group>"; };
		85E57B6E7887C1212D8BAD74 /* Position.swift */ = {isa = PBXFileReference; lastKnownFileType = sourcecode.swift; path = Position.swift; sourceTree = "<group>"; };
		8B20FDB889B2C999EBBFF617 /* SessionListView.swift */ = {isa = PBXFileReference; lastKnownFileType = sourcecode.swift; path = SessionListView.swift; sourceTree = "<group>"; };
		91254889BB04DE03CF185796 /* KittyPlaceholder.swift */ = {isa = PBXFileReference; lastKnownFileType = sourcecode.swift; path = KittyPlaceholder.swift; sourceTree = "<group>"; };
		938D094FF54C8B5A431AEC28 /* ProviderModelFetcher.swift */ = {isa = PBXFileReference; lastKnownFileType = sourcecode.swift; path = ProviderModelFetcher.swift; sourceTree = "<group>"; };
		93AAE0594007A37977322F94 /* SwiftUITerminalView.swift */ = {isa = PBXFileReference; lastKnownFileType = sourcecode.swift; path = SwiftUITerminalView.swift; sourceTree = "<group>"; };
		93D6997AF37640DBE5C09522 /* TerminalTabBar.swift */ = {isa = PBXFileReference; lastKnownFileType = sourcecode.swift; path = TerminalTabBar.swift; sourceTree = "<group>"; };
		946FC0FB4800139798E1168C /* MacExtensions.swift */ = {isa = PBXFileReference; lastKnownFileType = sourcecode.swift; path = MacExtensions.swift; sourceTree = "<group>"; };
		94C3929709F342E469839CB2 /* AppState.swift */ = {isa = PBXFileReference; lastKnownFileType = sourcecode.swift; path = AppState.swift; sourceTree = "<group>"; };
		94CFA19451B9EA172C354BD5 /* SidebarView.swift */ = {isa = PBXFileReference; lastKnownFileType = sourcecode.swift; path = SidebarView.swift; sourceTree = "<group>"; };
		97ED3DDD1798A96C6457521E /* CoreTextGlyphRasterizer.swift */ = {isa = PBXFileReference; lastKnownFileType = sourcecode.swift; path = CoreTextGlyphRasterizer.swift; sourceTree = "<group>"; };
		995245E00DCB7490445A1C0A /* TerminalProgressBarView.swift */ = {isa = PBXFileReference; lastKnownFileType = sourcecode.swift; path = TerminalProgressBarView.swift; sourceTree = "<group>"; };
		9E640956DCB464470BAA22DD /* iOSTextInput.swift */ = {isa = PBXFileReference; lastKnownFileType = sourcecode.swift; path = iOSTextInput.swift; sourceTree = "<group>"; };
		A06C665ED8320DF2DEFC716A /* ProviderManagerSheet.swift */ = {isa = PBXFileReference; lastKnownFileType = sourcecode.swift; path = ProviderManagerSheet.swift; sourceTree = "<group>"; };
		A0D909B990EA1EE433911CC3 /* iOSTerminalView.swift */ = {isa = PBXFileReference; lastKnownFileType = sourcecode.swift; path = iOSTerminalView.swift; sourceTree = "<group>"; };
		A11FE0D72EBB78A1747AA8FF /* iOSDoubleButton.swift */ = {isa = PBXFileReference; lastKnownFileType = sourcecode.swift; path = iOSDoubleButton.swift; sourceTree = "<group>"; };
		A3E895139DCBAB7FE26224C1 /* MacLocalTerminalView.swift */ = {isa = PBXFileReference; lastKnownFileType = sourcecode.swift; path = MacLocalTerminalView.swift; sourceTree = "<group>"; };
		A4689D1F1FA4FD8D425C4EFB /* MetalBufferingMode.swift */ = {isa = PBXFileReference; lastKnownFileType = sourcecode.swift; path = MetalBufferingMode.swift; sourceTree = "<group>"; };
		A48ED19FC6F7ED9C4B3534B2 /* TranscriptReadOnlyView.swift */ = {isa = PBXFileReference; lastKnownFileType = sourcecode.swift; path = TranscriptReadOnlyView.swift; sourceTree = "<group>"; };
		A4E31AFD8545655B5209EE85 /* SearchOptions.swift */ = {isa = PBXFileReference; lastKnownFileType = sourcecode.swift; path = SearchOptions.swift; sourceTree = "<group>"; };
		A7427A0ECC6BC4D36F0D9A1A /* TerminalViewDelegate.swift */ = {isa = PBXFileReference; lastKnownFileType = sourcecode.swift; path = TerminalViewDelegate.swift; sourceTree = "<group>"; };
		A8CBE5F29AC4767FCAEA3ABC /* CharSets.swift */ = {isa = PBXFileReference; lastKnownFileType = sourcecode.swift; path = CharSets.swift; sourceTree = "<group>"; };
		AE14E53D316CC7945B59F773 /* Terminal.swift */ = {isa = PBXFileReference; lastKnownFileType = sourcecode.swift; path = Terminal.swift; sourceTree = "<group>"; };
		AFB17F89F46A5BE1D5E29CC6 /* EscapeSequenceParser.swift */ = {isa = PBXFileReference; lastKnownFileType = sourcecode.swift; path = EscapeSequenceParser.swift; sourceTree = "<group>"; };
		BB958AB3A5865E58731157E6 /* GlyphAtlas.swift */ = {isa = PBXFileReference; lastKnownFileType = sourcecode.swift; path = GlyphAtlas.swift; sourceTree = "<group>"; };
		BC15E05465E8905DC9A59D69 /* Session.swift */ = {isa = PBXFileReference; lastKnownFileType = sourcecode.swift; path = Session.swift; sourceTree = "<group>"; };
		BCFEA2D19DE89770EA53B230 /* TerminalViewRepresentable.swift */ = {isa = PBXFileReference; lastKnownFileType = sourcecode.swift; path = TerminalViewRepresentable.swift; sourceTree = "<group>"; };
		C016A55BC0FC9FBE80C6E511 /* TerminalManager.swift */ = {isa = PBXFileReference; lastKnownFileType = sourcecode.swift; path = TerminalManager.swift; sourceTree = "<group>"; };
		C330D663689A19116C8E6A3B /* TerminalOptions.swift */ = {isa = PBXFileReference; lastKnownFileType = sourcecode.swift; path = TerminalOptions.swift; sourceTree = "<group>"; };
		C7D127695119F77CF8109493 /* KittyKeyboardProtocol.swift */ = {isa = PBXFileReference; lastKnownFileType = sourcecode.swift; path = KittyKeyboardProtocol.swift; sourceTree = "<group>"; };
		CED5FE98BF4F49BE50254CE5 /* MetalError.swift */ = {isa = PBXFileReference; lastKnownFileType = sourcecode.swift; path = MetalError.swift; sourceTree = "<group>"; };
		D216B2AAE556484063786FB3 /* AgentHistoryParser.swift */ = {isa = PBXFileReference; lastKnownFileType = sourcecode.swift; path = AgentHistoryParser.swift; sourceTree = "<group>"; };
		D294AF36BCD668AD435AD97F /* AgentColor.swift */ = {isa = PBXFileReference; lastKnownFileType = sourcecode.swift; path = AgentColor.swift; sourceTree = "<group>"; };
		D2FB3E6FD7BB036DF9148677 /* AgentEditorSheet.swift */ = {isa = PBXFileReference; lastKnownFileType = sourcecode.swift; path = AgentEditorSheet.swift; sourceTree = "<group>"; };
		D5FDB1A1D7B063AF8D7A19DB /* SearchState.swift */ = {isa = PBXFileReference; lastKnownFileType = sourcecode.swift; path = SearchState.swift; sourceTree = "<group>"; };
		D75EFB962C98A0DE10E1398A /* ConversationHistoryView.swift */ = {isa = PBXFileReference; lastKnownFileType = sourcecode.swift; path = ConversationHistoryView.swift; sourceTree = "<group>"; };
		D8750130A3BDFBE8533E2FC7 /* iOSAccessoryView.swift */ = {isa = PBXFileReference; lastKnownFileType = sourcecode.swift; path = iOSAccessoryView.swift; sourceTree = "<group>"; };
		D8DD995041662191E84AE703 /* Pty.swift */ = {isa = PBXFileReference; lastKnownFileType = sourcecode.swift; path = Pty.swift; sourceTree = "<group>"; };
		DCB4EB2C65F48C58F260BED2 /* MacTerminalView.swift */ = {isa = PBXFileReference; lastKnownFileType = sourcecode.swift; path = MacTerminalView.swift; sourceTree = "<group>"; };
		DF2EEA5A45AD55F6A595DE5C /* EscapeSequences.swift */ = {isa = PBXFileReference; lastKnownFileType = sourcecode.swift; path = EscapeSequences.swift; sourceTree = "<group>"; };
		E1EB5AB8FC1B4C5FDD56E20C /* ProviderExchangeDocument.swift */ = {isa = PBXFileReference; lastKnownFileType = sourcecode.swift; path = ProviderExchangeDocument.swift; sourceTree = "<group>"; };
		E21F32EC359A374D4F5A18FB /* SessionWindowView.swift */ = {isa = PBXFileReference; lastKnownFileType = sourcecode.swift; path = SessionWindowView.swift; sourceTree = "<group>"; };
		E519E0603D420C631BF229A2 /* KittyGraphics.swift */ = {isa = PBXFileReference; lastKnownFileType = sourcecode.swift; path = KittyGraphics.swift; sourceTree = "<group>"; };
		E52D72FC11C14AA8A8EE3D5E /* TerminalPaneView.swift */ = {isa = PBXFileReference; lastKnownFileType = sourcecode.swift; path = TerminalPaneView.swift; sourceTree = "<group>"; };
		E53A9BC0DB70AB25CA7973D0 /* LocalProcess.swift */ = {isa = PBXFileReference; lastKnownFileType = sourcecode.swift; path = LocalProcess.swift; sourceTree = "<group>"; };
		E594E33704C802E183CA87A3 /* TerminalTheme.swift */ = {isa = PBXFileReference; lastKnownFileType = sourcecode.swift; path = TerminalTheme.swift; sourceTree = "<group>"; };
		E9DAAD5476C3A705E7E530BC /* iOSTextStorage.swift */ = {isa = PBXFileReference; lastKnownFileType = sourcecode.swift; path = iOSTextStorage.swift; sourceTree = "<group>"; };
		EA00ABA04E8E855F3877CDE6 /* SelectionService.swift */ = {isa = PBXFileReference; lastKnownFileType = sourcecode.swift; path = SelectionService.swift; sourceTree = "<group>"; };
		EDF74B7AFA7032F2AEE58194 /* AppLanguage.swift */ = {isa = PBXFileReference; lastKnownFileType = sourcecode.swift; path = AppLanguage.swift; sourceTree = "<group>"; };
		F0AD3F154CA221DED2E0E200 /* iOSCaretView.swift */ = {isa = PBXFileReference; lastKnownFileType = sourcecode.swift; path = iOSCaretView.swift; sourceTree = "<group>"; };
		F3FA404EFE86AFC8EF086C4C /* File.swift */ = {isa = PBXFileReference; lastKnownFileType = sourcecode.swift; path = File.swift; sourceTree = "<group>"; };
		F5F533EEE12DF56A64B81530 /* SwiftTerm.framework */ = {isa = PBXFileReference; explicitFileType = wrapper.framework; includeInIndex = 0; path = SwiftTerm.framework; sourceTree = BUILT_PRODUCTS_DIR; };
		FB009EA4542A98BD16A582FB /* MacDebugView.swift */ = {isa = PBXFileReference; lastKnownFileType = sourcecode.swift; path = MacDebugView.swift; sourceTree = "<group>"; };
		FBD8060717DBDDE64F59D55A /* HeadlessTerminal.swift */ = {isa = PBXFileReference; lastKnownFileType = sourcecode.swift; path = HeadlessTerminal.swift; sourceTree = "<group>"; };
		FD98F52D2BECBCEA19DCAF64 /* BufferSet.swift */ = {isa = PBXFileReference; lastKnownFileType = sourcecode.swift; path = BufferSet.swift; sourceTree = "<group>"; };
/* End PBXFileReference section */

/* Begin PBXFrameworksBuildPhase section */
		9C030A090FCEF9B77689F948 /* Frameworks */ = {
			isa = PBXFrameworksBuildPhase;
			buildActionMask = 2147483647;
			files = (
				784F08E67385DA8F8425B55C /* SwiftTerm.framework in Frameworks */,
			);
			runOnlyForDeploymentPostprocessing = 0;
		};
/* End PBXFrameworksBuildPhase section */

/* Begin PBXGroup section */
		0CB914D1886B5F831024A41C /* Sources */ = {
			isa = PBXGroup;
			children = (
				3CB0AA76B3B51DBFE5F0B01C /* SwiftTerm */,
			);
			path = Sources;
			sourceTree = "<group>";
		};
		0E085E7909846226BED793AE /* Terminal */ = {
			isa = PBXGroup;
			children = (
				7B3FE391D051BF8B0B5791FC /* SessionProcessDelegate.swift */,
				C016A55BC0FC9FBE80C6E511 /* TerminalManager.swift */,
				E594E33704C802E183CA87A3 /* TerminalTheme.swift */,
				BCFEA2D19DE89770EA53B230 /* TerminalViewRepresentable.swift */,
				7D2D73E7AF217B665E6A0814 /* TranscriptCapturingTerminalView.swift */,
			);
			path = Terminal;
			sourceTree = "<group>";
		};
		0F7C23183A6632CBE134E205 /* Persistence */ = {
			isa = PBXGroup;
			children = (
				D216B2AAE556484063786FB3 /* AgentHistoryParser.swift */,
				0DDDDEC027328E5BFBB01728 /* ProviderConfigApplier.swift */,
				81734309E07A6D664712D352 /* Store.swift */,
			);
			path = Persistence;
			sourceTree = "<group>";
		};
		1ACCAEAFB24F96F07E21E42E /* Views */ = {
			isa = PBXGroup;
			children = (
				D2FB3E6FD7BB036DF9148677 /* AgentEditorSheet.swift */,
				20E533325964321D216B0391 /* ContentView.swift */,
				D75EFB962C98A0DE10E1398A /* ConversationHistoryView.swift */,
				A06C665ED8320DF2DEFC716A /* ProviderManagerSheet.swift */,
				8B20FDB889B2C999EBBFF617 /* SessionListView.swift */,
				E21F32EC359A374D4F5A18FB /* SessionWindowView.swift */,
				94CFA19451B9EA172C354BD5 /* SidebarView.swift */,
				E52D72FC11C14AA8A8EE3D5E /* TerminalPaneView.swift */,
				93D6997AF37640DBE5C09522 /* TerminalTabBar.swift */,
				A48ED19FC6F7ED9C4B3534B2 /* TranscriptReadOnlyView.swift */,
			);
			path = Views;
			sourceTree = "<group>";
		};
		24CA8897EE6C287E75CCACBA /* Vendor */ = {
			isa = PBXGroup;
			children = (
				D0D48287A64808103D30DBA8 /* SwiftTerm */,
			);
			path = Vendor;
			sourceTree = "<group>";
		};
		301DEB02631B7A6E9595F0CF /* Mac */ = {
			isa = PBXGroup;
			children = (
				56122D5E2FF4C1910AC4488D /* MacAccessibilityService.swift */,
				0EFDB4829458C60677BCF190 /* MacCaretView.swift */,
				FB009EA4542A98BD16A582FB /* MacDebugView.swift */,
				946FC0FB4800139798E1168C /* MacExtensions.swift */,
				6AE45AE6A5ADD7210D463D83 /* MacFindBarView.swift */,
				A3E895139DCBAB7FE26224C1 /* MacLocalTerminalView.swift */,
				DCB4EB2C65F48C58F260BED2 /* MacTerminalView.swift */,
			);
			path = Mac;
			sourceTree = "<group>";
		};
		3CB0AA76B3B51DBFE5F0B01C /* SwiftTerm */ = {
			isa = PBXGroup;
			children = (
				BBF2B6E57772B6CF7FF3735B /* Apple */,
				B6B0BFDF4EE573966A344511 /* iOS */,
				301DEB02631B7A6E9595F0CF /* Mac */,
				4E70DB900027FDF1D6809F35 /* Buffer.swift */,
				74070BB06E4C5F9A038D44FB /* BufferLine.swift */,
				FD98F52D2BECBCEA19DCAF64 /* BufferSet.swift */,
				76312947E900D52251258D9B /* CharData.swift */,
				A8CBE5F29AC4767FCAEA3ABC /* CharSets.swift */,
				673D1F7656B5EEC7597FC6B1 /* CircularList.swift */,
				020412EAB10F3FCEE44DC7C0 /* Colors.swift */,
				AFB17F89F46A5BE1D5E29CC6 /* EscapeSequenceParser.swift */,
				DF2EEA5A45AD55F6A595DE5C /* EscapeSequences.swift */,
				7E59419510ECDDFC256F39E3 /* ExtensionsTerminal.swift */,
				F3FA404EFE86AFC8EF086C4C /* File.swift */,
				FBD8060717DBDDE64F59D55A /* HeadlessTerminal.swift */,
				E519E0603D420C631BF229A2 /* KittyGraphics.swift */,
				38FDF34C2F6680E22E4A6BB7 /* KittyKeyboardEncoder.swift */,
				C7D127695119F77CF8109493 /* KittyKeyboardProtocol.swift */,
				91254889BB04DE03CF185796 /* KittyPlaceholder.swift */,
				38BBD15713C7AF7C3397F6AB /* Line.swift */,
				E53A9BC0DB70AB25CA7973D0 /* LocalProcess.swift */,
				85E57B6E7887C1212D8BAD74 /* Position.swift */,
				D8DD995041662191E84AE703 /* Pty.swift */,
				373D9BD8694F433533EDB8B0 /* SearchEngine.swift */,
				5DC9F39E0F219D2E54861C0E /* SearchLineCache.swift */,
				A4E31AFD8545655B5209EE85 /* SearchOptions.swift */,
				4B3003D0999E8291F3EB60FD /* SearchService.swift */,
				D5FDB1A1D7B063AF8D7A19DB /* SearchState.swift */,
				EA00ABA04E8E855F3877CDE6 /* SelectionService.swift */,
				68315352D0C277C71ED2596E /* SixelDcsHandler.swift */,
				AE14E53D316CC7945B59F773 /* Terminal.swift */,
				C330D663689A19116C8E6A3B /* TerminalOptions.swift */,
				7EED75338F72D8123A872B66 /* TerminalViewSearch.swift */,
				72C74D2FCCE64A9780258B33 /* UnicodeWidthData.swift */,
				5359D2ACC262D8DF0D567F0A /* Utilities.swift */,
			);
			path = SwiftTerm;
			sourceTree = "<group>";
		};
		685D9ED6BC1AEC4FB08208E5 /* Services */ = {
			isa = PBXGroup;
			children = (
				938D094FF54C8B5A431AEC28 /* ProviderModelFetcher.swift */,
			);
			path = Services;
			sourceTree = "<group>";
		};
		B50958B4B12907FCFD7055D6 /* TerminalAgents */ = {
			isa = PBXGroup;
			children = (
				D2463DC06C2B43726828AC10 /* Models */,
				0F7C23183A6632CBE134E205 /* Persistence */,
				685D9ED6BC1AEC4FB08208E5 /* Services */,
				0E085E7909846226BED793AE /* Terminal */,
				1ACCAEAFB24F96F07E21E42E /* Views */,
				94C3929709F342E469839CB2 /* AppState.swift */,
				409F42350FFA6EB19BF84ADD /* TerminalAgentsApp.swift */,
			);
			path = TerminalAgents;
			sourceTree = "<group>";
		};
		B6B0BFDF4EE573966A344511 /* iOS */ = {
			isa = PBXGroup;
			children = (
				D8750130A3BDFBE8533E2FC7 /* iOSAccessoryView.swift */,
				F0AD3F154CA221DED2E0E200 /* iOSCaretView.swift */,
				A11FE0D72EBB78A1747AA8FF /* iOSDoubleButton.swift */,
				0791EA93DED71E17A0EE7057 /* iOSExtensions.swift */,
				4D6E0576839C0DEDC4FC31F4 /* iOSKeyboardView.swift */,
				A0D909B990EA1EE433911CC3 /* iOSTerminalView.swift */,
				9E640956DCB464470BAA22DD /* iOSTextInput.swift */,
				E9DAAD5476C3A705E7E530BC /* iOSTextStorage.swift */,
				93AAE0594007A37977322F94 /* SwiftUITerminalView.swift */,
			);
			path = iOS;
			sourceTree = "<group>";
		};
		B933EDAB131395233BF253D3 = {
			isa = PBXGroup;
			children = (
				B50958B4B12907FCFD7055D6 /* TerminalAgents */,
				24CA8897EE6C287E75CCACBA /* Vendor */,
				DA835CD036ADDC9D6B232C9B /* Products */,
			);
			sourceTree = "<group>";
		};
		BBF2B6E57772B6CF7FF3735B /* Apple */ = {
			isa = PBXGroup;
			children = (
				ECB6F4414E5D53786F20FF74 /* Metal */,
				0C91F31C95CE49C0D62CD983 /* AppleTerminalView.swift */,
				3178558037C13D235C9460DA /* BlockElementRenderer.swift */,
				4540230E9B9936F80BE70F7B /* BoxDrawingRenderer.swift */,
				3614BA4178CF16624327FB5A /* CaretView.swift */,
				25426E7CCD9E359BFEF0BC18 /* Extensions.swift */,
				995245E00DCB7490445A1C0A /* TerminalProgressBarView.swift */,
				A7427A0ECC6BC4D36F0D9A1A /* TerminalViewDelegate.swift */,
			);
			path = Apple;
			sourceTree = "<group>";
		};
		D0D48287A64808103D30DBA8 /* SwiftTerm */ = {
			isa = PBXGroup;
			children = (
				0CB914D1886B5F831024A41C /* Sources */,
			);
			path = SwiftTerm;
			sourceTree = "<group>";
		};
		D2463DC06C2B43726828AC10 /* Models */ = {
			isa = PBXGroup;
			children = (
				D294AF36BCD668AD435AD97F /* AgentColor.swift */,
				30A2432E0E9BF665A13DAB56 /* AgentConfig.swift */,
				EDF74B7AFA7032F2AEE58194 /* AppLanguage.swift */,
				0F9ED82445E82133B95C56BC /* ConversationEntry.swift */,
				107CC580F4509E561A814942 /* HistoryFormat.swift */,
				E1EB5AB8FC1B4C5FDD56E20C /* ProviderExchangeDocument.swift */,
				81105E36E13119FE3B32B4C9 /* ProviderProfile.swift */,
				BC15E05465E8905DC9A59D69 /* Session.swift */,
			);
			path = Models;
			sourceTree = "<group>";
		};
		DA835CD036ADDC9D6B232C9B /* Products */ = {
			isa = PBXGroup;
			children = (
				F5F533EEE12DF56A64B81530 /* SwiftTerm.framework */,
				0FFCAA3C1FBE131AAEC18418 /* TerminalAgents.app */,
			);
			name = Products;
			sourceTree = "<group>";
		};
		ECB6F4414E5D53786F20FF74 /* Metal */ = {
			isa = PBXGroup;
			children = (
				97ED3DDD1798A96C6457521E /* CoreTextGlyphRasterizer.swift */,
				BB958AB3A5865E58731157E6 /* GlyphAtlas.swift */,
				A4689D1F1FA4FD8D425C4EFB /* MetalBufferingMode.swift */,
				CED5FE98BF4F49BE50254CE5 /* MetalError.swift */,
				6D591D90A9345338B8B0F591 /* MetalTerminalRenderer.swift */,
			);
			path = Metal;
			sourceTree = "<group>";
		};
/* End PBXGroup section */

/* Begin PBXNativeTarget section */
		B49C1616FD14A4C130CC6400 /* TerminalAgents */ = {
			isa = PBXNativeTarget;
			buildConfigurationList = CE29FF68FC6CDD059D0A1A74 /* Build configuration list for PBXNativeTarget "TerminalAgents" */;
			buildPhases = (
				354A2280936C97B3CFA40B62 /* Sources */,
				9C030A090FCEF9B77689F948 /* Frameworks */,
				5A5AFCA63007B23E80C4855D /* Embed Frameworks */,
			);
			buildRules = (
			);
			dependencies = (
				5932664636F663ACC6FE2E12 /* PBXTargetDependency */,
			);
			name = TerminalAgents;
			packageProductDependencies = (
			);
			productName = TerminalAgents;
			productReference = 0FFCAA3C1FBE131AAEC18418 /* TerminalAgents.app */;
			productType = "com.apple.product-type.application";
		};
		BEA6929D12F27F133444B058 /* SwiftTerm */ = {
			isa = PBXNativeTarget;
			buildConfigurationList = C8959655FCD0B1E44FEF8C07 /* Build configuration list for PBXNativeTarget "SwiftTerm" */;
			buildPhases = (
				A651DEDA903B3292BB221CE5 /* Sources */,
			);
			buildRules = (
			);
			dependencies = (
			);
			name = SwiftTerm;
			packageProductDependencies = (
			);
			productName = SwiftTerm;
			productReference = F5F533EEE12DF56A64B81530 /* SwiftTerm.framework */;
			productType = "com.apple.product-type.framework";
		};
/* End PBXNativeTarget section */

/* Begin PBXProject section */
		C92C8BBDAAEFC2C13885CFE1 /* Project object */ = {
			isa = PBXProject;
			attributes = {
				BuildIndependentTargetsInParallel = YES;
				LastUpgradeCheck = 1430;
				TargetAttributes = {
					B49C1616FD14A4C130CC6400 = {
						DevelopmentTeam = "";
						ProvisioningStyle = Automatic;
					};
					BEA6929D12F27F133444B058 = {
						DevelopmentTeam = "";
						ProvisioningStyle = Automatic;
					};
				};
			};
			buildConfigurationList = 6FF399257356FD477036E81E /* Build configuration list for PBXProject "TerminalAgents" */;
			developmentRegion = en;
			hasScannedForEncodings = 0;
			knownRegions = (
				Base,
				en,
			);
			mainGroup = B933EDAB131395233BF253D3;
			minimizedProjectReferenceProxies = 1;
			preferredProjectObjectVersion = 77;
			productRefGroup = DA835CD036ADDC9D6B232C9B /* Products */;
			projectDirPath = "";
			projectRoot = "";
			targets = (
				BEA6929D12F27F133444B058 /* SwiftTerm */,
				B49C1616FD14A4C130CC6400 /* TerminalAgents */,
			);
		};
/* End PBXProject section */

/* Begin PBXSourcesBuildPhase section */
		354A2280936C97B3CFA40B62 /* Sources */ = {
			isa = PBXSourcesBuildPhase;
			buildActionMask = 2147483647;
			files = (
				8235F149D6C89700ACCF4B4B /* AgentColor.swift in Sources */,
				D3A7F5D2727CF3244B6E6D1C /* AgentConfig.swift in Sources */,
				38DA6EE68308A87C2857EF63 /* AgentEditorSheet.swift in Sources */,
				092E292C308E7CA13BF883B8 /* AgentHistoryParser.swift in Sources */,
				B0CD2056E32D8D77885D48B1 /* AppLanguage.swift in Sources */,
				5083EB1D703A7BD3651CF57D /* AppState.swift in Sources */,
				222F99A4AEB92A2F1ECA8AFB /* ContentView.swift in Sources */,
				0553C9685D8D039A4B462B33 /* ConversationEntry.swift in Sources */,
				AA682C84ADE882DBE75F8635 /* ConversationHistoryView.swift in Sources */,
				12E006C13D4217174C1FCDC3 /* HistoryFormat.swift in Sources */,
				F0C0E29C16020B7F0210E719 /* ProviderConfigApplier.swift in Sources */,
				E3426A9697C7DD7F518A9367 /* ProviderExchangeDocument.swift in Sources */,
				D0795A571A0C5572569BCA11 /* ProviderManagerSheet.swift in Sources */,
				9E128D1B11C9209C82852AAF /* ProviderModelFetcher.swift in Sources */,
				AF1249A8CCBA8BD369F9B7AC /* ProviderProfile.swift in Sources */,
				B138EB4CB2596D4A929BFE63 /* Session.swift in Sources */,
				E8F253149F3047C82C807004 /* SessionListView.swift in Sources */,
				94689DEF7161459A3E1D4B5B /* SessionProcessDelegate.swift in Sources */,
				C37A8223614ECAD299F6429D /* SessionWindowView.swift in Sources */,
				02A38704DF01736E5729BFDE /* SidebarView.swift in Sources */,
				217043D3BFD53781E0ACA05E /* Store.swift in Sources */,
				A7A4840DF282F38C60B002B2 /* TerminalAgentsApp.swift in Sources */,
				EC363C3C3985B5453529EFCF /* TerminalManager.swift in Sources */,
				E47A1C1807709EAF656F3451 /* TerminalPaneView.swift in Sources */,
				D8B5E3D9C208931C44C863C6 /* TerminalTabBar.swift in Sources */,
				EBFDF4284E5CF36E19708C3B /* TerminalTheme.swift in Sources */,
				BE35C1958C747992465D01D6 /* TerminalViewRepresentable.swift in Sources */,
				5D837667EC75AD51960EB2FA /* TranscriptCapturingTerminalView.swift in Sources */,
				69812CA2F61276EFC64F6279 /* TranscriptReadOnlyView.swift in Sources */,
			);
			runOnlyForDeploymentPostprocessing = 0;
		};
		A651DEDA903B3292BB221CE5 /* Sources */ = {
			isa = PBXSourcesBuildPhase;
			buildActionMask = 2147483647;
			files = (
				C941B68F9BE1D0CF88C1AABC /* AppleTerminalView.swift in Sources */,
				E0380FC5E6C2951102F7ACF1 /* BlockElementRenderer.swift in Sources */,
				7CF0513409AFCEDCEB6E60E4 /* BoxDrawingRenderer.swift in Sources */,
				79F13665DDC56EC4873C3803 /* Buffer.swift in Sources */,
				F2764056A2370D15A59B96E5 /* BufferLine.swift in Sources */,
				3671F36CCED3B895D4C17DF7 /* BufferSet.swift in Sources */,
				DD558E296A1248D785CD2E62 /* CaretView.swift in Sources */,
				62D3147712BC2D48DD860B72 /* CharData.swift in Sources */,
				6FF19952D6A40E917F18F5E7 /* CharSets.swift in Sources */,
				2667BFCD1DB11CA6246AEF21 /* CircularList.swift in Sources */,
				71CA4CA8A18ABBD41E5D5425 /* Colors.swift in Sources */,
				F794EF5A2379F75B5FBF7674 /* CoreTextGlyphRasterizer.swift in Sources */,
				A619C8254B0C0A61B921D22F /* EscapeSequenceParser.swift in Sources */,
				1B88F181A80AE0CD64B4B2F5 /* EscapeSequences.swift in Sources */,
				BA7A4B5F97019B2F49C61556 /* Extensions.swift in Sources */,
				13F5DDCBCF48122478D70101 /* ExtensionsTerminal.swift in Sources */,
				84257599D23CD81B48E8AE3E /* File.swift in Sources */,
				1104790A372F88CBF4760F2A /* GlyphAtlas.swift in Sources */,
				EE8E838ACEE7B77BF63368EB /* HeadlessTerminal.swift in Sources */,
				36B95DAC29850C4E8E7C6546 /* KittyGraphics.swift in Sources */,
				BEB8780776BF24C07A7B5CDC /* KittyKeyboardEncoder.swift in Sources */,
				AD20A3EA9BB894980951657B /* KittyKeyboardProtocol.swift in Sources */,
				0F995EF1A1D459694B7D12E8 /* KittyPlaceholder.swift in Sources */,
				0BD0585B9056011A0F913B58 /* Line.swift in Sources */,
				3E4D3826C2A009B3FB71DB8B /* LocalProcess.swift in Sources */,
				3FD79C7F976F316E0A1487D8 /* MacAccessibilityService.swift in Sources */,
				A94C74C74B2273FDE6BA830F /* MacCaretView.swift in Sources */,
				AF5A08206DBB4029175FFB54 /* MacDebugView.swift in Sources */,
				8053C726E55F50B327ED5B61 /* MacExtensions.swift in Sources */,
				2558FA3B9166DB666093CC3A /* MacFindBarView.swift in Sources */,
				0496435CCB1067C0FB83DBAD /* MacLocalTerminalView.swift in Sources */,
				A9A67C1A897A9E4FBB834B25 /* MacTerminalView.swift in Sources */,
				43D3F163F0550C6ADF597478 /* MetalBufferingMode.swift in Sources */,
				E5C86618FEED4299CF7EBD39 /* MetalError.swift in Sources */,
				CE69A4A4094E519F0AB4BBFF /* MetalTerminalRenderer.swift in Sources */,
				A6F4218F1B967040875BF389 /* Position.swift in Sources */,
				0919F8761EFFAF2205AA37F1 /* Pty.swift in Sources */,
				8708DCC1E54C7FB703765A8A /* SearchEngine.swift in Sources */,
				1E81992B92D7F2D942C79CFE /* SearchLineCache.swift in Sources */,
				BA64CF5BABFBD6571F49396E /* SearchOptions.swift in Sources */,
				6AF3CB093960BF048D2919C1 /* SearchService.swift in Sources */,
				592747E2BF1DBF4D3DA3D063 /* SearchState.swift in Sources */,
				1242B72A9D6434D9EBF1678A /* SelectionService.swift in Sources */,
				B42C640245B72AC83236EB72 /* SixelDcsHandler.swift in Sources */,
				7D0971F73398929282277FDB /* SwiftUITerminalView.swift in Sources */,
				1D51275F0C7D008B5F56BA61 /* Terminal.swift in Sources */,
				CD4FE4B7CAB226146A815B51 /* TerminalOptions.swift in Sources */,
				A9642A199B4EEB03F3D51745 /* TerminalProgressBarView.swift in Sources */,
				D600E739BEB71452F1BB3CA2 /* TerminalViewDelegate.swift in Sources */,
				8F32B45B54FC1B4FE69232D6 /* TerminalViewSearch.swift in Sources */,
				99E0A60BF6AC109F272EEC35 /* UnicodeWidthData.swift in Sources */,
				F57D4A6B9311758D8FE67042 /* Utilities.swift in Sources */,
				BC61AC063AC5BCC0E30D301B /* iOSAccessoryView.swift in Sources */,
				49A145759C2BEA969E705A32 /* iOSCaretView.swift in Sources */,
				95F9120AC99E8FF8DED4669B /* iOSDoubleButton.swift in Sources */,
				8D7A19A070E5A76223BCD64C /* iOSExtensions.swift in Sources */,
				FC64CB60172B7DEE877FB3FF /* iOSKeyboardView.swift in Sources */,
				80FB41E5C9488E63157E8F8F /* iOSTerminalView.swift in Sources */,
				29090D80D1A7F6E437275EB1 /* iOSTextInput.swift in Sources */,
				D6B10952E56A0DA5E3DD6D24 /* iOSTextStorage.swift in Sources */,
			);
			runOnlyForDeploymentPostprocessing = 0;
		};
/* End PBXSourcesBuildPhase section */

/* Begin PBXTargetDependency section */
		5932664636F663ACC6FE2E12 /* PBXTargetDependency */ = {
			isa = PBXTargetDependency;
			target = BEA6929D12F27F133444B058 /* SwiftTerm */;
			targetProxy = 461C8CD204731D1AE2CFFE03 /* PBXContainerItemProxy */;
		};
/* End PBXTargetDependency section */

/* Begin XCBuildConfiguration section */
		2682E0863B526A15221DA72B /* Release */ = {
			isa = XCBuildConfiguration;
			buildSettings = {
				ASSETCATALOG_COMPILER_APPICON_NAME = AppIcon;
				CODE_SIGN_ENTITLEMENTS = TerminalAgents/TerminalAgents.entitlements;
				COMBINE_HIDPI_IMAGES = YES;
				CURRENT_PROJECT_VERSION = 1;
				INFOPLIST_FILE = TerminalAgents/Info.plist;
				LD_RUNPATH_SEARCH_PATHS = (
					"$(inherited)",
					"@executable_path/../Frameworks",
				);
				MACOSX_DEPLOYMENT_TARGET = 14.0;
				MARKETING_VERSION = 0.1.0;
				PRODUCT_BUNDLE_IDENTIFIER = com.terminalagents.mac;
				PRODUCT_NAME = TerminalAgents;
				SDKROOT = macosx;
			};
			name = Release;
		};
		303718BF30C77797C4167012 /* Release */ = {
			isa = XCBuildConfiguration;
			buildSettings = {
				ALWAYS_SEARCH_USER_PATHS = NO;
				CLANG_ANALYZER_NONNULL = YES;
				CLANG_ANALYZER_NUMBER_OBJECT_CONVERSION = YES_AGGRESSIVE;
				CLANG_CXX_LANGUAGE_STANDARD = "gnu++14";
				CLANG_CXX_LIBRARY = "libc++";
				CLANG_ENABLE_MODULES = YES;
				CLANG_ENABLE_OBJC_ARC = YES;
				CLANG_ENABLE_OBJC_WEAK = YES;
				CLANG_WARN_BLOCK_CAPTURE_AUTORELEASING = YES;
				CLANG_WARN_BOOL_CONVERSION = YES;
				CLANG_WARN_COMMA = YES;
				CLANG_WARN_CONSTANT_CONVERSION = YES;
				CLANG_WARN_DEPRECATED_OBJC_IMPLEMENTATIONS = YES;
				CLANG_WARN_DIRECT_OBJC_ISA_USAGE = YES_ERROR;
				CLANG_WARN_DOCUMENTATION_COMMENTS = YES;
				CLANG_WARN_EMPTY_BODY = YES;
				CLANG_WARN_ENUM_CONVERSION = YES;
				CLANG_WARN_INFINITE_RECURSION = YES;
				CLANG_WARN_INT_CONVERSION = YES;
				CLANG_WARN_NON_LITERAL_NULL_CONVERSION = YES;
				CLANG_WARN_OBJC_IMPLICIT_RETAIN_SELF = YES;
				CLANG_WARN_OBJC_LITERAL_CONVERSION = YES;
				CLANG_WARN_OBJC_ROOT_CLASS = YES_ERROR;
				CLANG_WARN_QUOTED_INCLUDE_IN_FRAMEWORK_HEADER = YES;
				CLANG_WARN_RANGE_LOOP_ANALYSIS = YES;
				CLANG_WARN_STRICT_PROTOTYPES = YES;
				CLANG_WARN_SUSPICIOUS_MOVE = YES;
				CLANG_WARN_UNGUARDED_AVAILABILITY = YES_AGGRESSIVE;
				CLANG_WARN_UNREACHABLE_CODE = YES;
				CLANG_WARN__DUPLICATE_METHOD_MATCH = YES;
				CODE_SIGN_IDENTITY = "-";
				CODE_SIGN_STYLE = Automatic;
				COPY_PHASE_STRIP = NO;
				DEBUG_INFORMATION_FORMAT = "dwarf-with-dsym";
				DEVELOPMENT_TEAM = "";
				ENABLE_HARDENED_RUNTIME = NO;
				ENABLE_NS_ASSERTIONS = NO;
				ENABLE_STRICT_OBJC_MSGSEND = YES;
				GCC_C_LANGUAGE_STANDARD = gnu11;
				GCC_NO_COMMON_BLOCKS = YES;
				GCC_WARN_64_TO_32_BIT_CONVERSION = YES;
				GCC_WARN_ABOUT_RETURN_TYPE = YES_ERROR;
				GCC_WARN_UNDECLARED_SELECTOR = YES;
				GCC_WARN_UNINITIALIZED_AUTOS = YES_AGGRESSIVE;
				GCC_WARN_UNUSED_FUNCTION = YES;
				GCC_WARN_UNUSED_VARIABLE = YES;
				MACOSX_DEPLOYMENT_TARGET = 14.0;
				MTL_ENABLE_DEBUG_INFO = NO;
				MTL_FAST_MATH = YES;
				PRODUCT_NAME = "$(TARGET_NAME)";
				SDKROOT = macosx;
				SWIFT_COMPILATION_MODE = wholemodule;
				SWIFT_OPTIMIZATION_LEVEL = "-O";
				SWIFT_VERSION = 5.0;
			};
			name = Release;
		};
		5A3D99C4230B6EA0EDF8A42D /* Debug */ = {
			isa = XCBuildConfiguration;
			buildSettings = {
				ASSETCATALOG_COMPILER_APPICON_NAME = AppIcon;
				CODE_SIGN_ENTITLEMENTS = TerminalAgents/TerminalAgents.entitlements;
				COMBINE_HIDPI_IMAGES = YES;
				CURRENT_PROJECT_VERSION = 1;
				INFOPLIST_FILE = TerminalAgents/Info.plist;
				LD_RUNPATH_SEARCH_PATHS = (
					"$(inherited)",
					"@executable_path/../Frameworks",
				);
				MACOSX_DEPLOYMENT_TARGET = 14.0;
				MARKETING_VERSION = 0.1.0;
				PRODUCT_BUNDLE_IDENTIFIER = com.terminalagents.mac;
				PRODUCT_NAME = TerminalAgents;
				SDKROOT = macosx;
			};
			name = Debug;
		};
		5EAF09419A186DF1085F1215 /* Release */ = {
			isa = XCBuildConfiguration;
			buildSettings = {
				BUILD_LIBRARY_FOR_DISTRIBUTION = NO;
				CODE_SIGN_IDENTITY = "";
				COMBINE_HIDPI_IMAGES = YES;
				CURRENT_PROJECT_VERSION = 1;
				DEFINES_MODULE = YES;
				DYLIB_COMPATIBILITY_VERSION = 1;
				DYLIB_CURRENT_VERSION = 1;
				DYLIB_INSTALL_NAME_BASE = "@rpath";
				GENERATE_INFOPLIST_FILE = YES;
				INSTALL_PATH = "$(LOCAL_LIBRARY_DIR)/Frameworks";
				LD_RUNPATH_SEARCH_PATHS = (
					"$(inherited)",
					"@executable_path/../Frameworks",
				);
				MACOSX_DEPLOYMENT_TARGET = 14.0;
				PRODUCT_BUNDLE_IDENTIFIER = com.terminalagents.SwiftTerm;
				PRODUCT_NAME = SwiftTerm;
				SDKROOT = macosx;
				SKIP_INSTALL = YES;
				VERSIONING_SYSTEM = "apple-generic";
			};
			name = Release;
		};
		9537EA4D5529A40FEB9E3205 /* Debug */ = {
			isa = XCBuildConfiguration;
			buildSettings = {
				ALWAYS_SEARCH_USER_PATHS = NO;
				CLANG_ANALYZER_NONNULL = YES;
				CLANG_ANALYZER_NUMBER_OBJECT_CONVERSION = YES_AGGRESSIVE;
				CLANG_CXX_LANGUAGE_STANDARD = "gnu++14";
				CLANG_CXX_LIBRARY = "libc++";
				CLANG_ENABLE_MODULES = YES;
				CLANG_ENABLE_OBJC_ARC = YES;
				CLANG_ENABLE_OBJC_WEAK = YES;
				CLANG_WARN_BLOCK_CAPTURE_AUTORELEASING = YES;
				CLANG_WARN_BOOL_CONVERSION = YES;
				CLANG_WARN_COMMA = YES;
				CLANG_WARN_CONSTANT_CONVERSION = YES;
				CLANG_WARN_DEPRECATED_OBJC_IMPLEMENTATIONS = YES;
				CLANG_WARN_DIRECT_OBJC_ISA_USAGE = YES_ERROR;
				CLANG_WARN_DOCUMENTATION_COMMENTS = YES;
				CLANG_WARN_EMPTY_BODY = YES;
				CLANG_WARN_ENUM_CONVERSION = YES;
				CLANG_WARN_INFINITE_RECURSION = YES;
				CLANG_WARN_INT_CONVERSION = YES;
				CLANG_WARN_NON_LITERAL_NULL_CONVERSION = YES;
				CLANG_WARN_OBJC_IMPLICIT_RETAIN_SELF = YES;
				CLANG_WARN_OBJC_LITERAL_CONVERSION = YES;
				CLANG_WARN_OBJC_ROOT_CLASS = YES_ERROR;
				CLANG_WARN_QUOTED_INCLUDE_IN_FRAMEWORK_HEADER = YES;
				CLANG_WARN_RANGE_LOOP_ANALYSIS = YES;
				CLANG_WARN_STRICT_PROTOTYPES = YES;
				CLANG_WARN_SUSPICIOUS_MOVE = YES;
				CLANG_WARN_UNGUARDED_AVAILABILITY = YES_AGGRESSIVE;
				CLANG_WARN_UNREACHABLE_CODE = YES;
				CLANG_WARN__DUPLICATE_METHOD_MATCH = YES;
				CODE_SIGN_IDENTITY = "-";
				CODE_SIGN_STYLE = Automatic;
				COPY_PHASE_STRIP = NO;
				DEBUG_INFORMATION_FORMAT = dwarf;
				DEVELOPMENT_TEAM = "";
				ENABLE_HARDENED_RUNTIME = NO;
				ENABLE_STRICT_OBJC_MSGSEND = YES;
				ENABLE_TESTABILITY = YES;
				GCC_C_LANGUAGE_STANDARD = gnu11;
				GCC_DYNAMIC_NO_PIC = NO;
				GCC_NO_COMMON_BLOCKS = YES;
				GCC_OPTIMIZATION_LEVEL = 0;
				GCC_PREPROCESSOR_DEFINITIONS = (
					"$(inherited)",
					"DEBUG=1",
				);
				GCC_WARN_64_TO_32_BIT_CONVERSION = YES;
				GCC_WARN_ABOUT_RETURN_TYPE = YES_ERROR;
				GCC_WARN_UNDECLARED_SELECTOR = YES;
				GCC_WARN_UNINITIALIZED_AUTOS = YES_AGGRESSIVE;
				GCC_WARN_UNUSED_FUNCTION = YES;
				GCC_WARN_UNUSED_VARIABLE = YES;
				MACOSX_DEPLOYMENT_TARGET = 14.0;
				MTL_ENABLE_DEBUG_INFO = INCLUDE_SOURCE;
				MTL_FAST_MATH = YES;
				ONLY_ACTIVE_ARCH = YES;
				PRODUCT_NAME = "$(TARGET_NAME)";
				SDKROOT = macosx;
				SWIFT_ACTIVE_COMPILATION_CONDITIONS = DEBUG;
				SWIFT_OPTIMIZATION_LEVEL = "-Onone";
				SWIFT_VERSION = 5.0;
			};
			name = Debug;
		};
		FB49C5544C8444267453D430 /* Debug */ = {
			isa = XCBuildConfiguration;
			buildSettings = {
				BUILD_LIBRARY_FOR_DISTRIBUTION = NO;
				CODE_SIGN_IDENTITY = "";
				COMBINE_HIDPI_IMAGES = YES;
				CURRENT_PROJECT_VERSION = 1;
				DEFINES_MODULE = YES;
				DYLIB_COMPATIBILITY_VERSION = 1;
				DYLIB_CURRENT_VERSION = 1;
				DYLIB_INSTALL_NAME_BASE = "@rpath";
				GENERATE_INFOPLIST_FILE = YES;
				INSTALL_PATH = "$(LOCAL_LIBRARY_DIR)/Frameworks";
				LD_RUNPATH_SEARCH_PATHS = (
					"$(inherited)",
					"@executable_path/../Frameworks",
				);
				MACOSX_DEPLOYMENT_TARGET = 14.0;
				PRODUCT_BUNDLE_IDENTIFIER = com.terminalagents.SwiftTerm;
				PRODUCT_NAME = SwiftTerm;
				SDKROOT = macosx;
				SKIP_INSTALL = YES;
				VERSIONING_SYSTEM = "apple-generic";
			};
			name = Debug;
		};
/* End XCBuildConfiguration section */

/* Begin XCConfigurationList section */
		6FF399257356FD477036E81E /* Build configuration list for PBXProject "TerminalAgents" */ = {
			isa = XCConfigurationList;
			buildConfigurations = (
				9537EA4D5529A40FEB9E3205 /* Debug */,
				303718BF30C77797C4167012 /* Release */,
			);
			defaultConfigurationIsVisible = 0;
			defaultConfigurationName = Debug;
		};
		C8959655FCD0B1E44FEF8C07 /* Build configuration list for PBXNativeTarget "SwiftTerm" */ = {
			isa = XCConfigurationList;
			buildConfigurations = (
				FB49C5544C8444267453D430 /* Debug */,
				5EAF09419A186DF1085F1215 /* Release */,
			);
			defaultConfigurationIsVisible = 0;
			defaultConfigurationName = Debug;
		};
		CE29FF68FC6CDD059D0A1A74 /* Build configuration list for PBXNativeTarget "TerminalAgents" */ = {
			isa = XCConfigurationList;
			buildConfigurations = (
				5A3D99C4230B6EA0EDF8A42D /* Debug */,
				2682E0863B526A15221DA72B /* Release */,
			);
			defaultConfigurationIsVisible = 0;
			defaultConfigurationName = Debug;
		};
/* End XCConfigurationList section */
	};
	rootObject = C92C8BBDAAEFC2C13885CFE1 /* Project object */;
}
